
Microsoft Visual Studio Solution File, Format Version 12.00
# Visual Studio 15
VisualStudioVersion = 15.0.27130.2010
MinimumVisualStudioVersion = 10.0.40219.1
Project("{FAE04EC0-301F-11D3-BF4B-00C04F79EFBC}") = "GreenvilleMotto02", "GreenvilleMotto02\GreenvilleMotto02.csproj", "{D271FB05-529B-43D7-B91D-61C289823A17}"
EndProject
Global
	GlobalSection(SolutionConfigurationPlatforms) = preSolution
		Debug|Any CPU = Debug|Any CPU
		Release|Any CPU = Release|Any CPU
	EndGlobalSection
	GlobalSection(ProjectConfigurationPlatforms) = postSolution
		{D271FB05-529B-43D7-B91D-61C289823A17}.Debug|Any CPU.ActiveCfg = Debug|Any CPU
		{D271FB05-529B-43D7-B91D-61C289823A17}.Debug|Any CPU.Build.0 = Debug|Any CPU
		{D271FB05-529B-43D7-B91D-61C289823A17}.Release|Any CPU.ActiveCfg = Release|Any CPU
		{D271FB05-529B-43D7-B91D-61C289823A17}.Release|Any CPU.Build.0 = Release|Any CPU
	EndGlobalSection
	GlobalSection(SolutionProperties) = preSolution
		HideSolutionNode = FALSE
	EndGlobalSection
	GlobalSection(ExtensibilityGlobals) = postSolution
		SolutionGuid = {3883E50D-44AF-4FD6-8D6E-A3CBF961F7BC}
	EndGlobalSection
EndGlobal
